<?xml version="1.0" encoding="utf-8"?>
<Project ToolsVersion="4.0" xmlns="http://schemas.microsoft.com/developer/msbuild/2003">
  <ItemGroup>
    <Filter Include="inc">
      <UniqueIdentifier>{93995380-89BD-4b04-88EB-625FBE52EBFB}</UniqueIdentifier>
      <Extensions>h;hpp;hxx;hm;inl;inc;xsd</Extensions>
    </Filter>
    <Filter Include="src">
      <UniqueIdentifier>{4FC737F1-C7A5-4376-A066-2A32D752A2FF}</UniqueIdentifier>
      <Extensions>cpp;c;cc;cxx;def;odl;idl;hpj;bat;asm;asmx</Extensions>
    </Filter>
    <Filter Include="res">
      <UniqueIdentifier>{67DA6AB6-F800-4c08-8B7A-83BB121AAD01}</UniqueIdentifier>
      <Extensions>rc;ico;cur;bmp;dlg;rc2;rct;bin;rgs;gif;jpg;jpeg;jpe;resx;tiff;tif;png;wav;mfcribbon-ms</Extensions>
    </Filter>
    <Filter Include="inc\common">
      <UniqueIdentifier>{cd7e19b6-26b0-44b3-a7a7-99b8c0b8a1e7}</UniqueIdentifier>
    </Filter>
  </ItemGroup>
  <ItemGroup>
    <ResourceCompile Include="boost_web.rc">
      <Filter>res</Filter>
    </ResourceCompile>
  </ItemGroup>
  <ItemGroup>
    <ClInclude Include="..\inc\common\detect_ssl.hpp">
      <Filter>inc\common</Filter>
    </ClInclude>
    <ClInclude Include="..\inc\common\ssl_stream.hpp">
      <Filter>inc\common</Filter>
    </ClInclude>
    <ClInclude Include="..\inc\address.h">
      <Filter>inc</Filter>
    </ClInclude>
    <ClInclude Include="..\inc\boost_web.h">
      <Filter>inc</Filter>
    </ClInclude>
    <ClInclude Include="..\inc\detect_session.h">
      <Filter>inc</Filter>
    </ClInclude>
    <ClInclude Include="..\inc\http_message.hpp">
      <Filter>inc</Filter>
    </ClInclude>
    <ClInclude Include="..\inc\http_request.hpp">
      <Filter>inc</Filter>
    </ClInclude>
    <ClInclude Include="..\inc\http_response.hpp">
      <Filter>inc</Filter>
    </ClInclude>
    <ClInclude Include="..\inc\http_session_base.hpp">
      <Filter>inc</Filter>
    </ClInclude>
    <ClInclude Include="..\inc\http_session_plain.h">
      <Filter>inc</Filter>
    </ClInclude>
    <ClInclude Include="..\inc\http_session_ssl.h">
      <Filter>inc</Filter>
    </ClInclude>
    <ClInclude Include="..\inc\http_utility.h">
      <Filter>inc</Filter>
    </ClInclude>
    <ClInclude Include="..\inc\listener.h">
      <Filter>inc</Filter>
    </ClInclude>
    <ClInclude Include="..\inc\web_manager_impl.h">
      <Filter>inc</Filter>
    </ClInclude>
    <ClInclude Include="..\inc\websocket_session_base.hpp">
      <Filter>inc</Filter>
    </ClInclude>
    <ClInclude Include="..\inc\websocket_session_plain.h">
      <Filter>inc</Filter>
    </ClInclude>
    <ClInclude Include="..\inc\websocket_session_ssl.h">
      <Filter>inc</Filter>
    </ClInclude>
  </ItemGroup>
  <ItemGroup>
    <ClCompile Include="..\src\address.cpp">
      <Filter>src</Filter>
    </ClCompile>
    <ClCompile Include="..\src\detect_session.cpp">
      <Filter>src</Filter>
    </ClCompile>
    <ClCompile Include="..\src\http_session_plain.cpp">
      <Filter>src</Filter>
    </ClCompile>
    <ClCompile Include="..\src\http_session_ssl.cpp">
      <Filter>src</Filter>
    </ClCompile>
    <ClCompile Include="..\src\http_utility.cpp">
      <Filter>src</Filter>
    </ClCompile>
    <ClCompile Include="..\src\listener.cpp">
      <Filter>src</Filter>
    </ClCompile>
    <ClCompile Include="..\src\web_manager.cpp">
      <Filter>src</Filter>
    </ClCompile>
    <ClCompile Include="..\src\web_manager_impl.cpp">
      <Filter>src</Filter>
    </ClCompile>
    <ClCompile Include="..\src\websocket_session_plain.cpp">
      <Filter>src</Filter>
    </ClCompile>
    <ClCompile Include="..\src\websocket_session_ssl.cpp">
      <Filter>src</Filter>
    </ClCompile>
  </ItemGroup>
</Project>